
Microsoft Visual Studio Solution File, Format Version 12.00
# Visual Studio 15
VisualStudioVersion = 15.0.27512.0
MinimumVisualStudioVersion = 10.0.40219.1
Project("{FAE04EC0-301F-11D3-BF4B-00C04F79EFBC}") = "EarthML.Templates.Cli", "src\EarthML.Templates.Cli\EarthML.Templates.Cli.csproj", "{8DC7B673-8DB8-4C1A-A1A0-14D9A02D091F}"
EndProject
Project("{FAE04EC0-301F-11D3-BF4B-00C04F79EFBC}") = "EarthML.Templates", "src\EarthML.Templates\EarthML.Templates.csproj", "{A637DAA8-3C8B-42E9-B813-5EE70B0BF240}"
EndProject
Project("{2150E333-8FDC-42A3-9474-1A3956D46DE8}") = "root", "root", "{2FAEBF7A-154B-482D-8F2A-801C509E36BB}"
	ProjectSection(SolutionItems) = preProject
		README.md = README.md
	EndProjectSection
EndProject
Global
	GlobalSection(SolutionConfigurationPlatforms) = preSolution
		Debug|Any CPU = Debug|Any CPU
		Release|Any CPU = Release|Any CPU
	EndGlobalSection
	GlobalSection(ProjectConfigurationPlatforms) = postSolution
		{8DC7B673-8DB8-4C1A-A1A0-14D9A02D091F}.Debug|Any CPU.ActiveCfg = Debug|Any CPU
		{8DC7B673-8DB8-4C1A-A1A0-14D9A02D091F}.Debug|Any CPU.Build.0 = Debug|Any CPU
		{8DC7B673-8DB8-4C1A-A1A0-14D9A02D091F}.Release|Any CPU.ActiveCfg = Release|Any CPU
		{8DC7B673-8DB8-4C1A-A1A0-14D9A02D091F}.Release|Any CPU.Build.0 = Release|Any CPU
		{A637DAA8-3C8B-42E9-B813-5EE70B0BF240}.Debug|Any CPU.ActiveCfg = Debug|Any CPU
		{A637DAA8-3C8B-42E9-B813-5EE70B0BF240}.Debug|Any CPU.Build.0 = Debug|Any CPU
		{A637DAA8-3C8B-42E9-B813-5EE70B0BF240}.Release|Any CPU.ActiveCfg = Release|Any CPU
		{A637DAA8-3C8B-42E9-B813-5EE70B0BF240}.Release|Any CPU.Build.0 = Release|Any CPU
	EndGlobalSection
	GlobalSection(SolutionProperties) = preSolution
		HideSolutionNode = FALSE
	EndGlobalSection
	GlobalSection(ExtensibilityGlobals) = postSolution
		SolutionGuid = {2964F87E-C99E-4A92-BA82-177D0324716C}
	EndGlobalSection
EndGlobal
